{
    "name": "oneapi-extension-pack",
    "version": "0.0.7",
    "lockfileVersion": 2,
    "requires": true,
    "packages": {
        "": {
            "name": "oneapi-extension-pack",
            "version": "0.0.7",
            "license": "MIT",
            "engines": {
                "vscode": "^1.81.0"
            }
        }
    }
}
